
Microsoft Visual Studio Solution File, Format Version 12.00
# Visual Studio Version 17
VisualStudioVersion = 17.0.32112.339
MinimumVisualStudioVersion = 10.0.40219.1
Project("{FAE04EC0-301F-11D3-BF4B-00C04F79EFBC}") = "TodoApiMinimal", "TodoApiMinimal\TodoApiMinimal.csproj", "{B97B8E8E-285B-49F9-A3E0-F66F07B0961D}"
EndProject
Global
	GlobalSection(SolutionConfigurationPlatforms) = preSolution
		Debug|Any CPU = Debug|Any CPU
		Release|Any CPU = Release|Any CPU
	EndGlobalSection
	GlobalSection(ProjectConfigurationPlatforms) = postSolution
		{B97B8E8E-285B-49F9-A3E0-F66F07B0961D}.Debug|Any CPU.ActiveCfg = Debug|Any CPU
		{B97B8E8E-285B-49F9-A3E0-F66F07B0961D}.Debug|Any CPU.Build.0 = Debug|Any CPU
		{B97B8E8E-285B-49F9-A3E0-F66F07B0961D}.Release|Any CPU.ActiveCfg = Release|Any CPU
		{B97B8E8E-285B-49F9-A3E0-F66F07B0961D}.Release|Any CPU.Build.0 = Release|Any CPU
	EndGlobalSection
	GlobalSection(SolutionProperties) = preSolution
		HideSolutionNode = FALSE
	EndGlobalSection
	GlobalSection(ExtensibilityGlobals) = postSolution
		SolutionGuid = {42DF7910-1682-4F0B-AD0C-659E0B1C9942}
	EndGlobalSection
EndGlobal
